{
  "name": "argus",
  "lockfileVersion": 3,
  "requires": true,
  "packages": {
    "": {
      "name": "argus",
      "dependencies": {
        "@argusdev/sdk-node": "^0.3.0"
      },
      "devDependencies": {
        "@types/node": "^26.0.1"
      }
    },
    "node_modules/.pnpm/@types+node@26.0.1": {
      "dev": true,
      "optional": true,
      "peer": true
    },
    "node_modules/.pnpm/@types+node@26.0.1/node_modules/@types/node": {
      "version": "26.0.1",
      "dev": true,
      "license": "MIT",
      "dependencies": {
        "undici-types": "~8.3.0"
      }
    },
    "node_modules/.pnpm/@types+node@26.0.1/node_modules/undici-types": {
      "resolved": "node_modules/.pnpm/undici-types@8.3.0/node_modules/undici-types",
      "link": true
    },
    "node_modules/.pnpm/undici-types@8.3.0/node_modules/undici-types": {
      "version": "8.3.0",
      "dev": true,
      "license": "MIT"
    },
    "node_modules/@argusdev/sdk-core": {
      "version": "0.3.0",
      "resolved": "https://registry.npmjs.org/@argusdev/sdk-core/-/sdk-core-0.3.0.tgz",
      "integrity": "sha512-X6DYm+YyHhBK/8IbZGJKwhG9tARqFriDCHyjvfaNACiRkvZTfADHvyIlDyU82Za8zjyf3ZC0u1xzK2hp5ltwAg==",
      "license": "MIT"
    },
    "node_modules/@argusdev/sdk-node": {
      "version": "0.3.0",
      "resolved": "https://registry.npmjs.org/@argusdev/sdk-node/-/sdk-node-0.3.0.tgz",
      "integrity": "sha512-2xa7zy1u0Q0JwF1DCPZWo1EaNomLSO7Qj9QBHcF7Id4okDGJJ9n9cmdcclsA6KXzQbQDM2C02D+TAgB5/DN/7w==",
      "license": "MIT",
      "dependencies": {
        "@argusdev/sdk-core": "0.3.0"
      }
    },
    "node_modules/@types/node": {
      "resolved": "node_modules/.pnpm/@types+node@26.0.1/node_modules/@types/node",
      "link": true
    }
  }
}
